{
  "name": "typedoc-packages-example",
  "version": "1.0.0",
  "lockfileVersion": 3,
  "requires": true,
  "packages": {
    "": {
      "name": "typedoc-packages-example",
      "version": "1.0.0",
      "workspaces": [
        "packages/*"
      ],
      "dependencies": {
        "typedoc": "^0.28.12",
        "typescript": "^5.7.2"
      }
    },
    "../typedoc": {
      "version": "0.28.12",
      "license": "Apache-2.0",
      "dependencies": {
        "@gerrit0/mini-shiki": "^3.12.0",
        "lunr": "^2.3.9",
        "markdown-it": "^14.1.0",
        "minimatch": "^9.0.5",
        "yaml": "^2.8.1"
      },
      "bin": {
        "typedoc": "bin/typedoc"
      },
      "devDependencies": {
        "@eslint/js": "^9.34.0",
        "@types/lunr": "^2.3.7",
        "@types/markdown-it": "^14.1.2",
        "@types/mocha": "^10.0.10",
        "@types/node": "18",
        "@typestrong/fs-fixture-builder": "github:TypeStrong/fs-fixture-builder#34113409e3a171e68ce5e2b55461ef5c35591cfe",
        "c8": "^10.1.3",
        "dprint": "^0.50.1",
        "esbuild": "^0.25.9",
        "eslint": "^9.34.0",
        "mocha": "^11.7.1",
        "puppeteer": "^24.17.1",
        "semver": "^7.7.2",
        "tsx": "^4.20.5",
        "typescript": "5.9.2",
        "typescript-eslint": "^8.41.0"
      },
      "engines": {
        "node": ">= 18",
        "pnpm": ">= 10"
      },
      "peerDependencies": {
        "typescript": "5.0.x || 5.1.x || 5.2.x || 5.3.x || 5.4.x || 5.5.x || 5.6.x || 5.7.x || 5.8.x || 5.9.x"
      }
    },
    "node_modules/@typedoc/lib": {
      "resolved": "packages/lib",
      "link": true
    },
    "node_modules/@typedoc/shared-assets": {
      "resolved": "packages/shared-assets",
      "link": true
    },
    "node_modules/@typedoc/wrapping-lib": {
      "resolved": "packages/wrapping-lib",
      "link": true
    },
    "node_modules/typedoc": {
      "resolved": "../typedoc",
      "link": true
    },
    "node_modules/typescript": {
      "version": "5.7.2",
      "resolved": "https://registry.npmjs.org/typescript/-/typescript-5.7.2.tgz",
      "integrity": "sha512-i5t66RHxDvVN40HfDd1PsEThGNnlMCMT3jMUuoh9/0TaqWevNontacunWyN02LA9/fIbEWlcHZcgTKb9QoaLfg==",
      "license": "Apache-2.0",
      "bin": {
        "tsc": "bin/tsc",
        "tsserver": "bin/tsserver"
      },
      "engines": {
        "node": ">=14.17"
      }
    },
    "packages/bar": {
      "name": "@typedoc/bar",
      "version": "0.0.1",
      "extraneous": true
    },
    "packages/baz": {
      "name": "@typedoc/baz",
      "version": "0.0.1",
      "extraneous": true
    },
    "packages/foo": {
      "name": "@typedoc/foo",
      "version": "0.0.2",
      "extraneous": true,
      "dependencies": {
        "@typedoc/bar": "0.0.1"
      }
    },
    "packages/lib": {
      "name": "@typedoc/lib",
      "version": "0.0.1"
    },
    "packages/shared-assets": {
      "name": "@typedoc/shared-assets",
      "version": "0.0.1"
    },
    "packages/wrapping-lib": {
      "name": "@typedoc/wrapping-lib",
      "version": "0.0.2",
      "dependencies": {
        "@typedoc/lib": "0.0.1"
      }
    }
  }
}
